
Microsoft Visual Studio Solution File, Format Version 12.00
# Visual Studio Version 16
VisualStudioVersion = 16.0.28729.10
MinimumVisualStudioVersion = 10.0.40219.1
Project("{FAE04EC0-301F-11D3-BF4B-00C04F79EFBC}") = "Tetris", "Tetris\Tetris.csproj", "{3FCFAFF5-E558-4902-8EF1-C7CBC44D8B59}"
EndProject
Global
	GlobalSection(SolutionConfigurationPlatforms) = preSolution
		Debug|Any CPU = Debug|Any CPU
		Release|Any CPU = Release|Any CPU
	EndGlobalSection
	GlobalSection(ProjectConfigurationPlatforms) = postSolution
		{3FCFAFF5-E558-4902-8EF1-C7CBC44D8B59}.Debug|Any CPU.ActiveCfg = Debug|Any CPU
		{3FCFAFF5-E558-4902-8EF1-C7CBC44D8B59}.Debug|Any CPU.Build.0 = Debug|Any CPU
		{3FCFAFF5-E558-4902-8EF1-C7CBC44D8B59}.Release|Any CPU.ActiveCfg = Release|Any CPU
		{3FCFAFF5-E558-4902-8EF1-C7CBC44D8B59}.Release|Any CPU.Build.0 = Release|Any CPU
	EndGlobalSection
	GlobalSection(SolutionProperties) = preSolution
		HideSolutionNode = FALSE
	EndGlobalSection
	GlobalSection(ExtensibilityGlobals) = postSolution
		SolutionGuid = {3748ECF4-B036-4E1D-BB3C-768DD5EE9CBD}
	EndGlobalSection
EndGlobal
